{
  "projects": [
    {
      "projectId": "hRsY5NbPeCQT1m4ubZULqa",
      "version": "latest",
      "dependencies": {},
      "lang": "ts",
      "fileLocks": [
        {
          "type": "globalVariant",
          "assetId": "C8HlPs3Ggff",
          "checksum": "dd6276f1717bd49f308cc4a9bdbb4293"
        },
        {
          "assetId": "hRsY5NbPeCQT1m4ubZULqa",
          "type": "projectCss",
          "checksum": "d5fbafc4305b80cfc990973efb63a9a3"
        },
        {
          "type": "renderModule",
          "assetId": "sqhz7hEEIvK",
          "checksum": "f12ec214383e53c0d40db911e537115d"
        },
        {
          "type": "cssRules",
          "assetId": "sqhz7hEEIvK",
          "checksum": "f12ec214383e53c0d40db911e537115d"
        },
        {
          "type": "renderModule",
          "assetId": "sGqSkRLs-FT",
          "checksum": "727e47d049e7461db1cf824625fe4687"
        },
        {
          "type": "cssRules",
          "assetId": "sGqSkRLs-FT",
          "checksum": "727e47d049e7461db1cf824625fe4687"
        },
        {
          "type": "renderModule",
          "assetId": "KtXDTZcD4n6",
          "checksum": "67e5fa2ffa76419761f461b54f10af59"
        },
        {
          "type": "cssRules",
          "assetId": "KtXDTZcD4n6",
          "checksum": "67e5fa2ffa76419761f461b54f10af59"
        },
        {
          "type": "renderModule",
          "assetId": "jvp3Zw0Hsia",
          "checksum": "faa487e5bd9a2f0e449b0569539f31d0"
        },
        {
          "type": "cssRules",
          "assetId": "jvp3Zw0Hsia",
          "checksum": "faa487e5bd9a2f0e449b0569539f31d0"
        },
        {
          "type": "renderModule",
          "assetId": "pdoSEuWNFhp",
          "checksum": "c24c87d58e59694d0854c8574b101497"
        },
        {
          "type": "cssRules",
          "assetId": "pdoSEuWNFhp",
          "checksum": "c24c87d58e59694d0854c8574b101497"
        },
        {
          "type": "renderModule",
          "assetId": "QM42q9zfuJB",
          "checksum": "2f6d6845cf01c3b8c4b35831e4ba02a8"
        },
        {
          "type": "cssRules",
          "assetId": "QM42q9zfuJB",
          "checksum": "2f6d6845cf01c3b8c4b35831e4ba02a8"
        },
        {
          "type": "renderModule",
          "assetId": "IkGGlxh-EgI",
          "checksum": "e90b27b0c218c0f6dbcad2da37c8dac4"
        },
        {
          "type": "cssRules",
          "assetId": "IkGGlxh-EgI",
          "checksum": "e90b27b0c218c0f6dbcad2da37c8dac4"
        },
        {
          "type": "renderModule",
          "assetId": "i70_KLpb3HC",
          "checksum": "9daf9e85edcb35e4b872a6e7a26c1552"
        },
        {
          "type": "cssRules",
          "assetId": "i70_KLpb3HC",
          "checksum": "9daf9e85edcb35e4b872a6e7a26c1552"
        },
        {
          "type": "renderModule",
          "assetId": "xxP53eK__w",
          "checksum": "5717e1f112aa633018bde70c9dad4ea2"
        },
        {
          "type": "cssRules",
          "assetId": "xxP53eK__w",
          "checksum": "5717e1f112aa633018bde70c9dad4ea2"
        },
        {
          "type": "renderModule",
          "assetId": "3tKTxNK9Sn",
          "checksum": "3255dd2213840b11d10d5fe8a5b9d446"
        },
        {
          "type": "cssRules",
          "assetId": "3tKTxNK9Sn",
          "checksum": "3255dd2213840b11d10d5fe8a5b9d446"
        },
        {
          "type": "renderModule",
          "assetId": "Zmr6lqTMMC",
          "checksum": "0e066da3acb63ab4365d13d3c6cd9ff9"
        },
        {
          "type": "cssRules",
          "assetId": "Zmr6lqTMMC",
          "checksum": "0e066da3acb63ab4365d13d3c6cd9ff9"
        },
        {
          "type": "renderModule",
          "assetId": "ehCSLGzmt76",
          "checksum": "6d359c0075dd6bf6939ab264cd150235"
        },
        {
          "type": "cssRules",
          "assetId": "ehCSLGzmt76",
          "checksum": "6d359c0075dd6bf6939ab264cd150235"
        },
        {
          "type": "renderModule",
          "assetId": "ZkkRVfwjtM",
          "checksum": "4813ef9e2445d1ffc956e04d2bf06ec0"
        },
        {
          "type": "cssRules",
          "assetId": "ZkkRVfwjtM",
          "checksum": "4813ef9e2445d1ffc956e04d2bf06ec0"
        },
        {
          "type": "icon",
          "assetId": "6QKGOL4vfqC",
          "checksum": "d64aba4504cb09aadc2d342bab4d032b"
        },
        {
          "type": "icon",
          "assetId": "XKjDBPHXY5q",
          "checksum": "fc95697316b58a92f771f7890d297141"
        },
        {
          "type": "icon",
          "assetId": "d5HvBdqQqLg",
          "checksum": "aa294999af89dbbaa301e9dc83857a76"
        },
        {
          "type": "icon",
          "assetId": "RKYv7Ypni3q",
          "checksum": "a62ccc0f1d2e0fb39ef10504f7e019c5"
        },
        {
          "type": "icon",
          "assetId": "UFOK1ZBUwLm",
          "checksum": "5cb4d85784b759c64f96de1f447cc303"
        },
        {
          "type": "icon",
          "assetId": "mpelM3JMWds",
          "checksum": "36f03b721c97909a1556a96acf31aae3"
        },
        {
          "type": "icon",
          "assetId": "FXvm33IeKIg",
          "checksum": "e88bedb833556d2ab4445404eb45342c"
        },
        {
          "type": "icon",
          "assetId": "iRe7-X0B_BS",
          "checksum": "6faeec28c73c85ead05a4e2e3af51361"
        },
        {
          "type": "icon",
          "assetId": "6w4-agHxOVW",
          "checksum": "62e46af4d2c161b858bd5f0d4c64b1d0"
        },
        {
          "type": "icon",
          "assetId": "31YSnHA68U5",
          "checksum": "a74a285320165732309e243a4a465b5a"
        },
        {
          "type": "icon",
          "assetId": "Uczzl8hjTGd",
          "checksum": "d34f6e184a8287f4b32f1c75ab965975"
        },
        {
          "type": "icon",
          "assetId": "-C9IAuGp-bN",
          "checksum": "957f6faef5b758dd092590d930046895"
        }
      ]
    },
    {
      "projectId": "5Xs5TeWC1PCRPBorm9sVyK",
      "version": "latest",
      "dependencies": {},
      "lang": "ts",
      "fileLocks": [
        {
          "type": "globalVariant",
          "assetId": "TwMp01pTCp0",
          "checksum": "68c95dad10603f83289be7667121e282"
        },
        {
          "assetId": "5Xs5TeWC1PCRPBorm9sVyK",
          "type": "projectCss",
          "checksum": "b5d05497a8043859b9aaa29a9963fbf0"
        },
        {
          "type": "renderModule",
          "assetId": "KBBASCMD9IY",
          "checksum": "b70957769a40661c476f6d602b3383e4"
        },
        {
          "type": "cssRules",
          "assetId": "KBBASCMD9IY",
          "checksum": "b70957769a40661c476f6d602b3383e4"
        },
        {
          "type": "renderModule",
          "assetId": "h-KwpRnKbCa",
          "checksum": "d25138e372a5190cd21cef61a4f46601"
        },
        {
          "type": "cssRules",
          "assetId": "h-KwpRnKbCa",
          "checksum": "d25138e372a5190cd21cef61a4f46601"
        },
        {
          "type": "renderModule",
          "assetId": "eSivtCiIyYp",
          "checksum": "a91d88cd468a57de5c87ed7d79865685"
        },
        {
          "type": "cssRules",
          "assetId": "eSivtCiIyYp",
          "checksum": "a91d88cd468a57de5c87ed7d79865685"
        },
        {
          "type": "renderModule",
          "assetId": "FoIacMt2OHV",
          "checksum": "6af0bbb8755d6865970382fa5178dad2"
        },
        {
          "type": "cssRules",
          "assetId": "FoIacMt2OHV",
          "checksum": "6af0bbb8755d6865970382fa5178dad2"
        },
        {
          "type": "renderModule",
          "assetId": "5GtUtT6LtET",
          "checksum": "b1d1568322651d6bb473562f34c7450f"
        },
        {
          "type": "cssRules",
          "assetId": "5GtUtT6LtET",
          "checksum": "b1d1568322651d6bb473562f34c7450f"
        },
        {
          "type": "renderModule",
          "assetId": "HVzZVFvQDMt",
          "checksum": "b090ee50632ed56d968d369376955b38"
        },
        {
          "type": "cssRules",
          "assetId": "HVzZVFvQDMt",
          "checksum": "b090ee50632ed56d968d369376955b38"
        },
        {
          "type": "renderModule",
          "assetId": "RVqnht4VpY",
          "checksum": "9c94dd161cebefa3c4516cfb8d97197d"
        },
        {
          "type": "cssRules",
          "assetId": "RVqnht4VpY",
          "checksum": "9c94dd161cebefa3c4516cfb8d97197d"
        },
        {
          "type": "icon",
          "assetId": "aRe7IwEaynW",
          "checksum": "f27622f75cb572ce10e58efe9169ea8b"
        },
        {
          "type": "icon",
          "assetId": "oTcWF1NCNrb",
          "checksum": "470d18000183d88c0c69b1741acbed10"
        },
        {
          "type": "icon",
          "assetId": "uTwMNruxcak",
          "checksum": "8268b32ba23dd44c36b09b297f0486af"
        },
        {
          "type": "icon",
          "assetId": "mYupy8N61gP",
          "checksum": "21ef0836a78675113ee4f0f1f9f093a8"
        },
        {
          "type": "icon",
          "assetId": "9ln7UQtuabq",
          "checksum": "409fcd03d7b705c1b08d2f55a3d75cc4"
        },
        {
          "type": "icon",
          "assetId": "5SKpbgno6I6",
          "checksum": "8141798580fdfaed1f39083584f7b0c0"
        },
        {
          "type": "icon",
          "assetId": "4QJoZN4Ndzf",
          "checksum": "5ec1abc260cb7e5e36177f05dd605e07"
        },
        {
          "type": "icon",
          "assetId": "ochq-jyWrNJX",
          "checksum": "83423d0ee47314966a5881cd27fbce1c"
        }
      ]
    }
  ],
  "cliVersion": "0.1.166"
}
